
Microsoft Visual Studio Solution File, Format Version 12.00
# Visual Studio Version 17
VisualStudioVersion = 17.10.34928.147
MinimumVisualStudioVersion = 10.0.40219.1
Project("{2150E333-8FDC-42A3-9474-1A3956D46DE8}") = "Core", "Core", "{84C1344B-F44B-4FA4-8559-2F25450787BB}"
EndProject
Project("{2150E333-8FDC-42A3-9474-1A3956D46DE8}") = "Infrastructure", "Infrastructure", "{3839E490-CC26-4E76-963A-72A280672999}"
EndProject
Project("{2150E333-8FDC-42A3-9474-1A3956D46DE8}") = "Presentation", "Presentation", "{E6AB0027-DCAA-410A-8BCC-833C40E9C8B0}"
EndProject
Project("{FAE04EC0-301F-11D3-BF4B-00C04F79EFBC}") = "SGT.Application", "SGT.Application\SGT.Application.csproj", "{FB5F4EC6-35F4-4A48-8DF4-C6308A6D449F}"
EndProject
Project("{FAE04EC0-301F-11D3-BF4B-00C04F79EFBC}") = "SGT.Domain", "SGT.Domain\SGT.Domain.csproj", "{AEDAB5A9-EEDA-4F9D-AC1C-D64931DB909D}"
EndProject
Project("{FAE04EC0-301F-11D3-BF4B-00C04F79EFBC}") = "SGT.Infrasturcture", "SGT.Infrasturcture\SGT.Infrasturcture.csproj", "{29DD2678-37E7-4D16-A1D8-EC2DDDCDEFF2}"
EndProject
Project("{FAE04EC0-301F-11D3-BF4B-00C04F79EFBC}") = "SGT.Persistence", "SGT.Persistence\SGT.Persistence.csproj", "{3055AFF6-6361-4D16-8AA5-8A4CBA5A3524}"
EndProject
Project("{FAE04EC0-301F-11D3-BF4B-00C04F79EFBC}") = "SGT.API", "SGT.API\SGT.API.csproj", "{CC30F587-C4AB-4CE2-89B2-33596E59C431}"
EndProject
Global
	GlobalSection(SolutionConfigurationPlatforms) = preSolution
		Debug|Any CPU = Debug|Any CPU
		Release|Any CPU = Release|Any CPU
	EndGlobalSection
	GlobalSection(ProjectConfigurationPlatforms) = postSolution
		{FB5F4EC6-35F4-4A48-8DF4-C6308A6D449F}.Debug|Any CPU.ActiveCfg = Debug|Any CPU
		{FB5F4EC6-35F4-4A48-8DF4-C6308A6D449F}.Debug|Any CPU.Build.0 = Debug|Any CPU
		{FB5F4EC6-35F4-4A48-8DF4-C6308A6D449F}.Release|Any CPU.ActiveCfg = Release|Any CPU
		{FB5F4EC6-35F4-4A48-8DF4-C6308A6D449F}.Release|Any CPU.Build.0 = Release|Any CPU
		{AEDAB5A9-EEDA-4F9D-AC1C-D64931DB909D}.Debug|Any CPU.ActiveCfg = Debug|Any CPU
		{AEDAB5A9-EEDA-4F9D-AC1C-D64931DB909D}.Debug|Any CPU.Build.0 = Debug|Any CPU
		{AEDAB5A9-EEDA-4F9D-AC1C-D64931DB909D}.Release|Any CPU.ActiveCfg = Release|Any CPU
		{AEDAB5A9-EEDA-4F9D-AC1C-D64931DB909D}.Release|Any CPU.Build.0 = Release|Any CPU
		{29DD2678-37E7-4D16-A1D8-EC2DDDCDEFF2}.Debug|Any CPU.ActiveCfg = Debug|Any CPU
		{29DD2678-37E7-4D16-A1D8-EC2DDDCDEFF2}.Debug|Any CPU.Build.0 = Debug|Any CPU
		{29DD2678-37E7-4D16-A1D8-EC2DDDCDEFF2}.Release|Any CPU.ActiveCfg = Release|Any CPU
		{29DD2678-37E7-4D16-A1D8-EC2DDDCDEFF2}.Release|Any CPU.Build.0 = Release|Any CPU
		{3055AFF6-6361-4D16-8AA5-8A4CBA5A3524}.Debug|Any CPU.ActiveCfg = Debug|Any CPU
		{3055AFF6-6361-4D16-8AA5-8A4CBA5A3524}.Debug|Any CPU.Build.0 = Debug|Any CPU
		{3055AFF6-6361-4D16-8AA5-8A4CBA5A3524}.Release|Any CPU.ActiveCfg = Release|Any CPU
		{3055AFF6-6361-4D16-8AA5-8A4CBA5A3524}.Release|Any CPU.Build.0 = Release|Any CPU
		{CC30F587-C4AB-4CE2-89B2-33596E59C431}.Debug|Any CPU.ActiveCfg = Debug|Any CPU
		{CC30F587-C4AB-4CE2-89B2-33596E59C431}.Debug|Any CPU.Build.0 = Debug|Any CPU
		{CC30F587-C4AB-4CE2-89B2-33596E59C431}.Release|Any CPU.ActiveCfg = Release|Any CPU
		{CC30F587-C4AB-4CE2-89B2-33596E59C431}.Release|Any CPU.Build.0 = Release|Any CPU
	EndGlobalSection
	GlobalSection(SolutionProperties) = preSolution
		HideSolutionNode = FALSE
	EndGlobalSection
	GlobalSection(NestedProjects) = preSolution
		{FB5F4EC6-35F4-4A48-8DF4-C6308A6D449F} = {84C1344B-F44B-4FA4-8559-2F25450787BB}
		{AEDAB5A9-EEDA-4F9D-AC1C-D64931DB909D} = {84C1344B-F44B-4FA4-8559-2F25450787BB}
		{29DD2678-37E7-4D16-A1D8-EC2DDDCDEFF2} = {3839E490-CC26-4E76-963A-72A280672999}
		{3055AFF6-6361-4D16-8AA5-8A4CBA5A3524} = {3839E490-CC26-4E76-963A-72A280672999}
		{CC30F587-C4AB-4CE2-89B2-33596E59C431} = {E6AB0027-DCAA-410A-8BCC-833C40E9C8B0}
	EndGlobalSection
	GlobalSection(ExtensibilityGlobals) = postSolution
		SolutionGuid = {5B521378-0ED3-41FD-8CB6-67D69FA83623}
	EndGlobalSection
EndGlobal
